// !$*UTF8*$!
{
	archiveVersion = 1;
	classes = {
	};
	objectVersion = 50;
	objects = {

/* Begin PBXBuildFile section */
		2704491220CEAD5C001C4004 /* AppDelegate.swift in Sources */ = {isa = PBXBuildFile; fileRef = 2704491120CEAD5C001C4004 /* AppDelegate.swift */; };
		2704491720CEAD5C001C4004 /* Main.storyboard in Resources */ = {isa = PBXBuildFile; fileRef = 2704491520CEAD5C001C4004 /* Main.storyboard */; };
		2704491920CEAD5D001C4004 /* Assets.xcassets in Resources */ = {isa = PBXBuildFile; fileRef = 2704491820CEAD5D001C4004 /* Assets.xcassets */; };
		2704491C20CEAD5D001C4004 /* LaunchScreen.storyboard in Resources */ = {isa = PBXBuildFile; fileRef = 2704491A20CEAD5D001C4004 /* LaunchScreen.storyboard */; };
		2704492720CEAD5D001C4004 /* pingTests.swift in Sources */ = {isa = PBXBuildFile; fileRef = 2704492620CEAD5D001C4004 /* pingTests.swift */; };
		2704493620CEAFE5001C4004 /* LaunchScreenViewController.swift in Sources */ = {isa = PBXBuildFile; fileRef = 2704493520CEAFE5001C4004 /* LaunchScreenViewController.swift */; };
		270B11B420E9F201002B6829 /* ThemeProvider.swift in Sources */ = {isa = PBXBuildFile; fileRef = 270B11B320E9F201002B6829 /* ThemeProvider.swift */; };
		270B11B620E9F279002B6829 /* LightTheme.swift in Sources */ = {isa = PBXBuildFile; fileRef = 270B11B520E9F279002B6829 /* LightTheme.swift */; };
		27251D4D20D03AF800F85DD7 /* DashedView.swift in Sources */ = {isa = PBXBuildFile; fileRef = 27251D4B20D03AF800F85DD7 /* DashedView.swift */; };
		27251D4E20D03AF800F85DD7 /* AnimatedTextField.swift in Sources */ = {isa = PBXBuildFile; fileRef = 27251D4C20D03AF800F85DD7 /* AnimatedTextField.swift */; };
		272636EF211705710002B2F1 /* ThemeSelectionViewController.swift in Sources */ = {isa = PBXBuildFile; fileRef = 272636EE211705710002B2F1 /* ThemeSelectionViewController.swift */; };
		272636F321170EDA0002B2F1 /* AcknowledgmentsViewController.swift in Sources */ = {isa = PBXBuildFile; fileRef = 272636F221170EDA0002B2F1 /* AcknowledgmentsViewController.swift */; };
		272636F521170EEA0002B2F1 /* ConfigurationViewController.swift in Sources */ = {isa = PBXBuildFile; fileRef = 272636F421170EEA0002B2F1 /* ConfigurationViewController.swift */; };
		272636F7211713EB0002B2F1 /* LicenseTableViewCell.swift in Sources */ = {isa = PBXBuildFile; fileRef = 272636F6211713EB0002B2F1 /* LicenseTableViewCell.swift */; };
		272636F92117140F0002B2F1 /* License.swift in Sources */ = {isa = PBXBuildFile; fileRef = 272636F82117140F0002B2F1 /* License.swift */; };
		272636FB211715240002B2F1 /* LicenseProvider.swift in Sources */ = {isa = PBXBuildFile; fileRef = 272636FA211715240002B2F1 /* LicenseProvider.swift */; };
		272636FD211715410002B2F1 /* HardCodedLicenseProvider.swift in Sources */ = {isa = PBXBuildFile; fileRef = 272636FC211715410002B2F1 /* HardCodedLicenseProvider.swift */; };
		272636FF211716760002B2F1 /* LicenseDetailViewController.swift in Sources */ = {isa = PBXBuildFile; fileRef = 272636FE211716760002B2F1 /* LicenseDetailViewController.swift */; };
		2726370121178B380002B2F1 /* PingConfigurationProvider.swift in Sources */ = {isa = PBXBuildFile; fileRef = 2726370021178B380002B2F1 /* PingConfigurationProvider.swift */; };
		2726370321178B8E0002B2F1 /* UDPingConfigurationRepository.swift in Sources */ = {isa = PBXBuildFile; fileRef = 2726370221178B8E0002B2F1 /* UDPingConfigurationRepository.swift */; };
		27579BC32115E79D00B76130 /* SettingViewController.swift in Sources */ = {isa = PBXBuildFile; fileRef = 27579BC22115E79D00B76130 /* SettingViewController.swift */; };
		27579BC52115E95B00B76130 /* DarkTheme.swift in Sources */ = {isa = PBXBuildFile; fileRef = 27579BC42115E95B00B76130 /* DarkTheme.swift */; };
		2781CE8F20D19A8F0050C8A7 /* Array+stdev.swift in Sources */ = {isa = PBXBuildFile; fileRef = 2781CE8E20D19A8F0050C8A7 /* Array+stdev.swift */; };
		2781CE9120D1BBEA0050C8A7 /* HostHistoryViewDelegate.swift in Sources */ = {isa = PBXBuildFile; fileRef = 2781CE9020D1BBEA0050C8A7 /* HostHistoryViewDelegate.swift */; };
		2781CE9520D1CD520050C8A7 /* HostTableViewCell.swift in Sources */ = {isa = PBXBuildFile; fileRef = 2781CE9420D1CD510050C8A7 /* HostTableViewCell.swift */; };
		278A6C9020D04F0D0007322A /* HistoryViewController.swift in Sources */ = {isa = PBXBuildFile; fileRef = 278A6C8F20D04F0D0007322A /* HistoryViewController.swift */; };
		278A6C9420D05E600007322A /* PingResult.swift in Sources */ = {isa = PBXBuildFile; fileRef = 278A6C9320D05E600007322A /* PingResult.swift */; };
		278A6C9620D05E990007322A /* Host.swift in Sources */ = {isa = PBXBuildFile; fileRef = 278A6C9520D05E990007322A /* Host.swift */; };
		278A6C9920D063F60007322A /* HostHistoryRepository.swift in Sources */ = {isa = PBXBuildFile; fileRef = 278A6C9720D062FF0007322A /* HostHistoryRepository.swift */; };
		278A6C9A20D063F90007322A /* UDTHostHistoryRepository.swift in Sources */ = {isa = PBXBuildFile; fileRef = 278A6C9820D062FF0007322A /* UDTHostHistoryRepository.swift */; };
		278A6C9C20D067280007322A /* Injection.swift in Sources */ = {isa = PBXBuildFile; fileRef = 278A6C9B20D067280007322A /* Injection.swift */; };
		278A6C9E20D068D90007322A /* HostHistoryPublisher.swift in Sources */ = {isa = PBXBuildFile; fileRef = 278A6C9D20D068D90007322A /* HostHistoryPublisher.swift */; };
		278A710B20DE890500DC3A16 /* RatingManager.swift in Sources */ = {isa = PBXBuildFile; fileRef = 278A710A20DE890500DC3A16 /* RatingManager.swift */; };
		27B7939520E4B9680081884A /* PingError.swift in Sources */ = {isa = PBXBuildFile; fileRef = 27B7939420E4B9680081884A /* PingError.swift */; };
		27B7939720E4BB980081884A /* PingStatus.swift in Sources */ = {isa = PBXBuildFile; fileRef = 27B7939620E4BB980081884A /* PingStatus.swift */; };
		27B7939920E4BCF30081884A /* PingDelegate.swift in Sources */ = {isa = PBXBuildFile; fileRef = 27B7939820E4BCF30081884A /* PingDelegate.swift */; };
		27B7939B20E4BFB40081884A /* PingConfiguration.swift in Sources */ = {isa = PBXBuildFile; fileRef = 27B7939A20E4BFB40081884A /* PingConfiguration.swift */; };
		27B7939E20E605390081884A /* SPPingController.swift in Sources */ = {isa = PBXBuildFile; fileRef = 27B7939D20E605390081884A /* SPPingController.swift */; };
		27B793A020E606CE0081884A /* PingStatistic.swift in Sources */ = {isa = PBXBuildFile; fileRef = 27B7939F20E606CE0081884A /* PingStatistic.swift */; };
		27B793A220E6BB6E0081884A /* PingViewController.swift in Sources */ = {isa = PBXBuildFile; fileRef = 27B793A120E6BB6E0081884A /* PingViewController.swift */; };
		27D36F6720E4B7FA00EF92BF /* PingController.swift in Sources */ = {isa = PBXBuildFile; fileRef = 27D36F6620E4B7FA00EF92BF /* PingController.swift */; };
		27E9BF1220D110FB00E1FFED /* PingTableViewCell.swift in Sources */ = {isa = PBXBuildFile; fileRef = 27E9BF1120D110FB00E1FFED /* PingTableViewCell.swift */; };
		27F848CC20E7EB2F004DEA0C /* UpdateManager.swift in Sources */ = {isa = PBXBuildFile; fileRef = 27F848CB20E7EB2F004DEA0C /* UpdateManager.swift */; };
		483E67CA1A67BC8D44691FD0 /* Pods_ping.framework in Frameworks */ = {isa = PBXBuildFile; fileRef = 6F8B4A680256749F30D6138B /* Pods_ping.framework */; };
		4B93FA6CF86CC7740930D87B /* Pods_pingTests.framework in Frameworks */ = {isa = PBXBuildFile; fileRef = E0B19013CAD92418202AFA4F /* Pods_pingTests.framework */; };
/* End PBXBuildFile section */

/* Begin PBXContainerItemProxy section */
		2704492320CEAD5D001C4004 /* PBXContainerItemProxy */ = {
			isa = PBXContainerItemProxy;
			containerPortal = 2704490620CEAD5C001C4004 /* Project object */;
			proxyType = 1;
			remoteGlobalIDString = 2704490D20CEAD5C001C4004;
			remoteInfo = ping;
		};
/* End PBXContainerItemProxy section */

/* Begin PBXFileReference section */
		1A84247AD96723AA6D1D5671 /* Pods-pingTests.release.xcconfig */ = {isa = PBXFileReference; includeInIndex = 1; lastKnownFileType = text.xcconfig; name = "Pods-pingTests.release.xcconfig"; path = "Pods/Target Support Files/Pods-pingTests/Pods-pingTests.release.xcconfig"; sourceTree = "<group>"; };
		2704490E20CEAD5C001C4004 /* ping.app */ = {isa = PBXFileReference; explicitFileType = wrapper.application; includeInIndex = 0; path = ping.app; sourceTree = BUILT_PRODUCTS_DIR; };
		2704491120CEAD5C001C4004 /* AppDelegate.swift */ = {isa = PBXFileReference; lastKnownFileType = sourcecode.swift; path = AppDelegate.swift; sourceTree = "<group>"; };
		2704491620CEAD5C001C4004 /* Base */ = {isa = PBXFileReference; lastKnownFileType = file.storyboard; name = Base; path = Base.lproj/Main.storyboard; sourceTree = "<group>"; };
		2704491820CEAD5D001C4004 /* Assets.xcassets */ = {isa = PBXFileReference; lastKnownFileType = folder.assetcatalog; path = Assets.xcassets; sourceTree = "<group>"; };
		2704491B20CEAD5D001C4004 /* Base */ = {isa = PBXFileReference; lastKnownFileType = file.storyboard; name = Base; path = Base.lproj/LaunchScreen.storyboard; sourceTree = "<group>"; };
		2704491D20CEAD5D001C4004 /* Info.plist */ = {isa = PBXFileReference; lastKnownFileType = text.plist.xml; path = Info.plist; sourceTree = "<group>"; };
		2704492220CEAD5D001C4004 /* pingTests.xctest */ = {isa = PBXFileReference; explicitFileType = wrapper.cfbundle; includeInIndex = 0; path = pingTests.xctest; sourceTree = BUILT_PRODUCTS_DIR; };
		2704492620CEAD5D001C4004 /* pingTests.swift */ = {isa = PBXFileReference; lastKnownFileType = sourcecode.swift; path = pingTests.swift; sourceTree = "<group>"; };
		2704492820CEAD5D001C4004 /* Info.plist */ = {isa = PBXFileReference; lastKnownFileType = text.plist.xml; path = Info.plist; sourceTree = "<group>"; };
		2704493520CEAFE5001C4004 /* LaunchScreenViewController.swift */ = {isa = PBXFileReference; lastKnownFileType = sourcecode.swift; path = LaunchScreenViewController.swift; sourceTree = "<group>"; };
		270B11B320E9F201002B6829 /* ThemeProvider.swift */ = {isa = PBXFileReference; lastKnownFileType = sourcecode.swift; path = ThemeProvider.swift; sourceTree = "<group>"; };
		270B11B520E9F279002B6829 /* LightTheme.swift */ = {isa = PBXFileReference; lastKnownFileType = sourcecode.swift; path = LightTheme.swift; sourceTree = "<group>"; };
		27251D4B20D03AF800F85DD7 /* DashedView.swift */ = {isa = PBXFileReference; fileEncoding = 4; lastKnownFileType = sourcecode.swift; path = DashedView.swift; sourceTree = "<group>"; };
		27251D4C20D03AF800F85DD7 /* AnimatedTextField.swift */ = {isa = PBXFileReference; fileEncoding = 4; lastKnownFileType = sourcecode.swift; path = AnimatedTextField.swift; sourceTree = "<group>"; };
		272636EE211705710002B2F1 /* ThemeSelectionViewController.swift */ = {isa = PBXFileReference; lastKnownFileType = sourcecode.swift; path = ThemeSelectionViewController.swift; sourceTree = "<group>"; };
		272636F221170EDA0002B2F1 /* AcknowledgmentsViewController.swift */ = {isa = PBXFileReference; lastKnownFileType = sourcecode.swift; path = AcknowledgmentsViewController.swift; sourceTree = "<group>"; };
		272636F421170EEA0002B2F1 /* ConfigurationViewController.swift */ = {isa = PBXFileReference; lastKnownFileType = sourcecode.swift; path = ConfigurationViewController.swift; sourceTree = "<group>"; };
		272636F6211713EB0002B2F1 /* LicenseTableViewCell.swift */ = {isa = PBXFileReference; lastKnownFileType = sourcecode.swift; path = LicenseTableViewCell.swift; sourceTree = "<group>"; };
		272636F82117140F0002B2F1 /* License.swift */ = {isa = PBXFileReference; lastKnownFileType = sourcecode.swift; path = License.swift; sourceTree = "<group>"; };
		272636FA211715240002B2F1 /* LicenseProvider.swift */ = {isa = PBXFileReference; lastKnownFileType = sourcecode.swift; path = LicenseProvider.swift; sourceTree = "<group>"; };
		272636FC211715410002B2F1 /* HardCodedLicenseProvider.swift */ = {isa = PBXFileReference; lastKnownFileType = sourcecode.swift; path = HardCodedLicenseProvider.swift; sourceTree = "<group>"; };
		272636FE211716760002B2F1 /* LicenseDetailViewController.swift */ = {isa = PBXFileReference; lastKnownFileType = sourcecode.swift; path = LicenseDetailViewController.swift; sourceTree = "<group>"; };
		2726370021178B380002B2F1 /* PingConfigurationProvider.swift */ = {isa = PBXFileReference; lastKnownFileType = sourcecode.swift; path = PingConfigurationProvider.swift; sourceTree = "<group>"; };
		2726370221178B8E0002B2F1 /* UDPingConfigurationRepository.swift */ = {isa = PBXFileReference; lastKnownFileType = sourcecode.swift; path = UDPingConfigurationRepository.swift; sourceTree = "<group>"; };
		27579BC22115E79D00B76130 /* SettingViewController.swift */ = {isa = PBXFileReference; lastKnownFileType = sourcecode.swift; path = SettingViewController.swift; sourceTree = "<group>"; };
		27579BC42115E95B00B76130 /* DarkTheme.swift */ = {isa = PBXFileReference; lastKnownFileType = sourcecode.swift; path = DarkTheme.swift; sourceTree = "<group>"; };
		2781CE8E20D19A8F0050C8A7 /* Array+stdev.swift */ = {isa = PBXFileReference; lastKnownFileType = sourcecode.swift; path = "Array+stdev.swift"; sourceTree = "<group>"; };
		2781CE9020D1BBEA0050C8A7 /* HostHistoryViewDelegate.swift */ = {isa = PBXFileReference; lastKnownFileType = sourcecode.swift; path = HostHistoryViewDelegate.swift; sourceTree = "<group>"; };
		2781CE9420D1CD510050C8A7 /* HostTableViewCell.swift */ = {isa = PBXFileReference; lastKnownFileType = sourcecode.swift; path = HostTableViewCell.swift; sourceTree = "<group>"; };
		278A6C8F20D04F0D0007322A /* HistoryViewController.swift */ = {isa = PBXFileReference; lastKnownFileType = sourcecode.swift; path = HistoryViewController.swift; sourceTree = "<group>"; };
		278A6C9320D05E600007322A /* PingResult.swift */ = {isa = PBXFileReference; lastKnownFileType = sourcecode.swift; path = PingResult.swift; sourceTree = "<group>"; };
		278A6C9520D05E990007322A /* Host.swift */ = {isa = PBXFileReference; lastKnownFileType = sourcecode.swift; path = Host.swift; sourceTree = "<group>"; };
		278A6C9720D062FF0007322A /* HostHistoryRepository.swift */ = {isa = PBXFileReference; lastKnownFileType = sourcecode.swift; path = HostHistoryRepository.swift; sourceTree = "<group>"; };
		278A6C9820D062FF0007322A /* UDTHostHistoryRepository.swift */ = {isa = PBXFileReference; lastKnownFileType = sourcecode.swift; path = UDTHostHistoryRepository.swift; sourceTree = "<group>"; };
		278A6C9B20D067280007322A /* Injection.swift */ = {isa = PBXFileReference; lastKnownFileType = sourcecode.swift; path = Injection.swift; sourceTree = "<group>"; };
		278A6C9D20D068D90007322A /* HostHistoryPublisher.swift */ = {isa = PBXFileReference; lastKnownFileType = sourcecode.swift; path = HostHistoryPublisher.swift; sourceTree = "<group>"; };
		278A710A20DE890500DC3A16 /* RatingManager.swift */ = {isa = PBXFileReference; lastKnownFileType = sourcecode.swift; path = RatingManager.swift; sourceTree = "<group>"; };
		278A711620DE8D3F00DC3A16 /* ping-Bridging-Header.h */ = {isa = PBXFileReference; lastKnownFileType = sourcecode.c.h; path = "ping-Bridging-Header.h"; sourceTree = "<group>"; };
		27B7939420E4B9680081884A /* PingError.swift */ = {isa = PBXFileReference; lastKnownFileType = sourcecode.swift; path = PingError.swift; sourceTree = "<group>"; };
		27B7939620E4BB980081884A /* PingStatus.swift */ = {isa = PBXFileReference; lastKnownFileType = sourcecode.swift; path = PingStatus.swift; sourceTree = "<group>"; };
		27B7939820E4BCF30081884A /* PingDelegate.swift */ = {isa = PBXFileReference; lastKnownFileType = sourcecode.swift; path = PingDelegate.swift; sourceTree = "<group>"; };
		27B7939A20E4BFB40081884A /* PingConfiguration.swift */ = {isa = PBXFileReference; lastKnownFileType = sourcecode.swift; path = PingConfiguration.swift; sourceTree = "<group>"; };
		27B7939D20E605390081884A /* SPPingController.swift */ = {isa = PBXFileReference; lastKnownFileType = sourcecode.swift; path = SPPingController.swift; sourceTree = "<group>"; };
		27B7939F20E606CE0081884A /* PingStatistic.swift */ = {isa = PBXFileReference; lastKnownFileType = sourcecode.swift; path = PingStatistic.swift; sourceTree = "<group>"; };
		27B793A120E6BB6E0081884A /* PingViewController.swift */ = {isa = PBXFileReference; lastKnownFileType = sourcecode.swift; path = PingViewController.swift; sourceTree = "<group>"; };
		27D36F6620E4B7FA00EF92BF /* PingController.swift */ = {isa = PBXFileReference; lastKnownFileType = sourcecode.swift; path = PingController.swift; sourceTree = "<group>"; };
		27E9BF1120D110FB00E1FFED /* PingTableViewCell.swift */ = {isa = PBXFileReference; lastKnownFileType = sourcecode.swift; path = PingTableViewCell.swift; sourceTree = "<group>"; };
		27F848CB20E7EB2F004DEA0C /* UpdateManager.swift */ = {isa = PBXFileReference; lastKnownFileType = sourcecode.swift; path = UpdateManager.swift; sourceTree = "<group>"; };
		6F8B4A680256749F30D6138B /* Pods_ping.framework */ = {isa = PBXFileReference; explicitFileType = wrapper.framework; includeInIndex = 0; path = Pods_ping.framework; sourceTree = BUILT_PRODUCTS_DIR; };
		A254B6C7A68F62B324969BA5 /* Pods-ping.debug.xcconfig */ = {isa = PBXFileReference; includeInIndex = 1; lastKnownFileType = text.xcconfig; name = "Pods-ping.debug.xcconfig"; path = "Pods/Target Support Files/Pods-ping/Pods-ping.debug.xcconfig"; sourceTree = "<group>"; };
		CA3153AA0F18C2C88704E8CE /* Pods-ping.release.xcconfig */ = {isa = PBXFileReference; includeInIndex = 1; lastKnownFileType = text.xcconfig; name = "Pods-ping.release.xcconfig"; path = "Pods/Target Support Files/Pods-ping/Pods-ping.release.xcconfig"; sourceTree = "<group>"; };
		D99416772E52F6836D5D7E48 /* Pods-pingTests.debug.xcconfig */ = {isa = PBXFileReference; includeInIndex = 1; lastKnownFileType = text.xcconfig; name = "Pods-pingTests.debug.xcconfig"; path = "Pods/Target Support Files/Pods-pingTests/Pods-pingTests.debug.xcconfig"; sourceTree = "<group>"; };
		E0B19013CAD92418202AFA4F /* Pods_pingTests.framework */ = {isa = PBXFileReference; explicitFileType = wrapper.framework; includeInIndex = 0; path = Pods_pingTests.framework; sourceTree = BUILT_PRODUCTS_DIR; };
/* End PBXFileReference section */

/* Begin PBXFrameworksBuildPhase section */
		2704490B20CEAD5C001C4004 /* Frameworks */ = {
			isa = PBXFrameworksBuildPhase;
			buildActionMask = 2147483647;
			files = (
				483E67CA1A67BC8D44691FD0 /* Pods_ping.framework in Frameworks */,
			);
			runOnlyForDeploymentPostprocessing = 0;
		};
		2704491F20CEAD5D001C4004 /* Frameworks */ = {
			isa = PBXFrameworksBuildPhase;
			buildActionMask = 2147483647;
			files = (
				4B93FA6CF86CC7740930D87B /* Pods_pingTests.framework in Frameworks */,
			);
			runOnlyForDeploymentPostprocessing = 0;
		};
/* End PBXFrameworksBuildPhase section */

/* Begin PBXGroup section */
		2704490520CEAD5C001C4004 = {
			isa = PBXGroup;
			children = (
				2704491020CEAD5C001C4004 /* ping */,
				2704492520CEAD5D001C4004 /* pingTests */,
				2704490F20CEAD5C001C4004 /* Products */,
				9F2CB4B927673E6F53A67AA7 /* Pods */,
				9AE65DC9298BF79B90644CAC /* Frameworks */,
			);
			sourceTree = "<group>";
		};
		2704490F20CEAD5C001C4004 /* Products */ = {
			isa = PBXGroup;
			children = (
				2704490E20CEAD5C001C4004 /* ping.app */,
				2704492220CEAD5D001C4004 /* pingTests.xctest */,
			);
			name = Products;
			sourceTree = "<group>";
		};
		2704491020CEAD5C001C4004 /* ping */ = {
			isa = PBXGroup;
			children = (
				2704491D20CEAD5D001C4004 /* Info.plist */,
				2704493220CEAD6D001C4004 /* Base */,
				2704493120CEAD62001C4004 /* Presentation */,
				2704493320CEAD75001C4004 /* Model */,
				2704493420CEAD82001C4004 /* Data */,
			);
			path = ping;
			sourceTree = "<group>";
		};
		2704492520CEAD5D001C4004 /* pingTests */ = {
			isa = PBXGroup;
			children = (
				2704492620CEAD5D001C4004 /* pingTests.swift */,
				2704492820CEAD5D001C4004 /* Info.plist */,
			);
			path = pingTests;
			sourceTree = "<group>";
		};
		2704493120CEAD62001C4004 /* Presentation */ = {
			isa = PBXGroup;
			children = (
				27251D4A20D03AEC00F85DD7 /* Views */,
				2704491520CEAD5C001C4004 /* Main.storyboard */,
				2704491A20CEAD5D001C4004 /* LaunchScreen.storyboard */,
				272636F121170E960002B2F1 /* MainScene */,
				272636F021170E830002B2F1 /* SettingsScene */,
			);
			path = Presentation;
			sourceTree = "<group>";
		};
		2704493220CEAD6D001C4004 /* Base */ = {
			isa = PBXGroup;
			children = (
				2781CE8D20D19A760050C8A7 /* Extension */,
				2704491120CEAD5C001C4004 /* AppDelegate.swift */,
				278A6C9B20D067280007322A /* Injection.swift */,
				278A710A20DE890500DC3A16 /* RatingManager.swift */,
				27F848CB20E7EB2F004DEA0C /* UpdateManager.swift */,
				2704491820CEAD5D001C4004 /* Assets.xcassets */,
				278A711620DE8D3F00DC3A16 /* ping-Bridging-Header.h */,
			);
			path = Base;
			sourceTree = "<group>";
		};
		2704493320CEAD75001C4004 /* Model */ = {
			isa = PBXGroup;
			children = (
				27B7939D20E605390081884A /* SPPingController.swift */,
				27B7939C20E605100081884A /* PingController */,
				278A6C9520D05E990007322A /* Host.swift */,
				272636F82117140F0002B2F1 /* License.swift */,
			);
			path = Model;
			sourceTree = "<group>";
		};
		2704493420CEAD82001C4004 /* Data */ = {
			isa = PBXGroup;
			children = (
				278A6C9D20D068D90007322A /* HostHistoryPublisher.swift */,
				278A6C9720D062FF0007322A /* HostHistoryRepository.swift */,
				2726370021178B380002B2F1 /* PingConfigurationProvider.swift */,
				272636FA211715240002B2F1 /* LicenseProvider.swift */,
				270B11B320E9F201002B6829 /* ThemeProvider.swift */,
				278A6C9820D062FF0007322A /* UDTHostHistoryRepository.swift */,
				2726370221178B8E0002B2F1 /* UDPingConfigurationRepository.swift */,
				272636FC211715410002B2F1 /* HardCodedLicenseProvider.swift */,
				270B11B520E9F279002B6829 /* LightTheme.swift */,
				27579BC42115E95B00B76130 /* DarkTheme.swift */,
			);
			path = Data;
			sourceTree = "<group>";
		};
		27251D4A20D03AEC00F85DD7 /* Views */ = {
			isa = PBXGroup;
			children = (
				27251D4C20D03AF800F85DD7 /* AnimatedTextField.swift */,
				27251D4B20D03AF800F85DD7 /* DashedView.swift */,
				2781CE9420D1CD510050C8A7 /* HostTableViewCell.swift */,
				27E9BF1120D110FB00E1FFED /* PingTableViewCell.swift */,
				272636F6211713EB0002B2F1 /* LicenseTableViewCell.swift */,
			);
			path = Views;
			sourceTree = "<group>";
		};
		272636F021170E830002B2F1 /* SettingsScene */ = {
			isa = PBXGroup;
			children = (
				27579BC22115E79D00B76130 /* SettingViewController.swift */,
				272636EE211705710002B2F1 /* ThemeSelectionViewController.swift */,
				272636F421170EEA0002B2F1 /* ConfigurationViewController.swift */,
				272636F221170EDA0002B2F1 /* AcknowledgmentsViewController.swift */,
				272636FE211716760002B2F1 /* LicenseDetailViewController.swift */,
			);
			path = SettingsScene;
			sourceTree = "<group>";
		};
		272636F121170E960002B2F1 /* MainScene */ = {
			isa = PBXGroup;
			children = (
				2704493520CEAFE5001C4004 /* LaunchScreenViewController.swift */,
				27B793A120E6BB6E0081884A /* PingViewController.swift */,
				278A6C8F20D04F0D0007322A /* HistoryViewController.swift */,
				2781CE9020D1BBEA0050C8A7 /* HostHistoryViewDelegate.swift */,
			);
			path = MainScene;
			sourceTree = "<group>";
		};
		2781CE8D20D19A760050C8A7 /* Extension */ = {
			isa = PBXGroup;
			children = (
				2781CE8E20D19A8F0050C8A7 /* Array+stdev.swift */,
			);
			path = Extension;
			sourceTree = "<group>";
		};
		27B7939C20E605100081884A /* PingController */ = {
			isa = PBXGroup;
			children = (
				27D36F6620E4B7FA00EF92BF /* PingController.swift */,
				27B7939A20E4BFB40081884A /* PingConfiguration.swift */,
				27B7939820E4BCF30081884A /* PingDelegate.swift */,
				27B7939620E4BB980081884A /* PingStatus.swift */,
				27B7939420E4B9680081884A /* PingError.swift */,
				278A6C9320D05E600007322A /* PingResult.swift */,
				27B7939F20E606CE0081884A /* PingStatistic.swift */,
			);
			path = PingController;
			sourceTree = "<group>";
		};
		9AE65DC9298BF79B90644CAC /* Frameworks */ = {
			isa = PBXGroup;
			children = (
				6F8B4A680256749F30D6138B /* Pods_ping.framework */,
				E0B19013CAD92418202AFA4F /* Pods_pingTests.framework */,
			);
			name = Frameworks;
			sourceTree = "<group>";
		};
		9F2CB4B927673E6F53A67AA7 /* Pods */ = {
			isa = PBXGroup;
			children = (
				A254B6C7A68F62B324969BA5 /* Pods-ping.debug.xcconfig */,
				CA3153AA0F18C2C88704E8CE /* Pods-ping.release.xcconfig */,
				D99416772E52F6836D5D7E48 /* Pods-pingTests.debug.xcconfig */,
				1A84247AD96723AA6D1D5671 /* Pods-pingTests.release.xcconfig */,
			);
			name = Pods;
			sourceTree = "<group>";
		};
/* End PBXGroup section */

/* Begin PBXNativeTarget section */
		2704490D20CEAD5C001C4004 /* ping */ = {
			isa = PBXNativeTarget;
			buildConfigurationList = 2704492B20CEAD5D001C4004 /* Build configuration list for PBXNativeTarget "ping" */;
			buildPhases = (
				5D84D5316EF52A00CDAC51BB /* [CP] Check Pods Manifest.lock */,
				2704490A20CEAD5C001C4004 /* Sources */,
				2704490B20CEAD5C001C4004 /* Frameworks */,
				2704490C20CEAD5C001C4004 /* Resources */,
				1BBB93F0ACA6EA19B4C611C3 /* [CP] Embed Pods Frameworks */,
			);
			buildRules = (
			);
			dependencies = (
			);
			name = ping;
			productName = ping;
			productReference = 2704490E20CEAD5C001C4004 /* ping.app */;
			productType = "com.apple.product-type.application";
		};
		2704492120CEAD5D001C4004 /* pingTests */ = {
			isa = PBXNativeTarget;
			buildConfigurationList = 2704492E20CEAD5D001C4004 /* Build configuration list for PBXNativeTarget "pingTests" */;
			buildPhases = (
				9300CA7A04BE99DC5A0FE5E6 /* [CP] Check Pods Manifest.lock */,
				2704491E20CEAD5D001C4004 /* Sources */,
				2704491F20CEAD5D001C4004 /* Frameworks */,
				2704492020CEAD5D001C4004 /* Resources */,
			);
			buildRules = (
			);
			dependencies = (
				2704492420CEAD5D001C4004 /* PBXTargetDependency */,
			);
			name = pingTests;
			productName = pingTests;
			productReference = 2704492220CEAD5D001C4004 /* pingTests.xctest */;
			productType = "com.apple.product-type.bundle.unit-test";
		};
/* End PBXNativeTarget section */

/* Begin PBXProject section */
		2704490620CEAD5C001C4004 /* Project object */ = {
			isa = PBXProject;
			attributes = {
				LastSwiftUpdateCheck = 0940;
				LastUpgradeCheck = 0940;
				ORGANIZATIONNAME = "Michael Fröhlich";
				TargetAttributes = {
					2704490D20CEAD5C001C4004 = {
						CreatedOnToolsVersion = 9.4;
						LastSwiftMigration = 0940;
					};
					2704492120CEAD5D001C4004 = {
						CreatedOnToolsVersion = 9.4;
						TestTargetID = 2704490D20CEAD5C001C4004;
					};
				};
			};
			buildConfigurationList = 2704490920CEAD5C001C4004 /* Build configuration list for PBXProject "ping" */;
			compatibilityVersion = "Xcode 9.3";
			developmentRegion = en;
			hasScannedForEncodings = 0;
			knownRegions = (
				en,
				Base,
			);
			mainGroup = 2704490520CEAD5C001C4004;
			productRefGroup = 2704490F20CEAD5C001C4004 /* Products */;
			projectDirPath = "";
			projectRoot = "";
			targets = (
				2704490D20CEAD5C001C4004 /* ping */,
				2704492120CEAD5D001C4004 /* pingTests */,
			);
		};
/* End PBXProject section */

/* Begin PBXResourcesBuildPhase section */
		2704490C20CEAD5C001C4004 /* Resources */ = {
			isa = PBXResourcesBuildPhase;
			buildActionMask = 2147483647;
			files = (
				2704491C20CEAD5D001C4004 /* LaunchScreen.storyboard in Resources */,
				2704491920CEAD5D001C4004 /* Assets.xcassets in Resources */,
				2704491720CEAD5C001C4004 /* Main.storyboard in Resources */,
			);
			runOnlyForDeploymentPostprocessing = 0;
		};
		2704492020CEAD5D001C4004 /* Resources */ = {
			isa = PBXResourcesBuildPhase;
			buildActionMask = 2147483647;
			files = (
			);
			runOnlyForDeploymentPostprocessing = 0;
		};
/* End PBXResourcesBuildPhase section */

/* Begin PBXShellScriptBuildPhase section */
		1BBB93F0ACA6EA19B4C611C3 /* [CP] Embed Pods Frameworks */ = {
			isa = PBXShellScriptBuildPhase;
			buildActionMask = 2147483647;
			files = (
			);
			inputPaths = (
				"${SRCROOT}/Pods/Target Support Files/Pods-ping/Pods-ping-frameworks.sh",
				"${BUILT_PRODUCTS_DIR}/Appirater/Appirater.framework",
				"${BUILT_PRODUCTS_DIR}/GBPing/GBPing.framework",
				"${BUILT_PRODUCTS_DIR}/Siren/Siren.framework",
			);
			name = "[CP] Embed Pods Frameworks";
			outputPaths = (
				"${TARGET_BUILD_DIR}/${FRAMEWORKS_FOLDER_PATH}/Appirater.framework",
				"${TARGET_BUILD_DIR}/${FRAMEWORKS_FOLDER_PATH}/GBPing.framework",
				"${TARGET_BUILD_DIR}/${FRAMEWORKS_FOLDER_PATH}/Siren.framework",
			);
			runOnlyForDeploymentPostprocessing = 0;
			shellPath = /bin/sh;
			shellScript = "\"${SRCROOT}/Pods/Target Support Files/Pods-ping/Pods-ping-frameworks.sh\"\n";
			showEnvVarsInLog = 0;
		};
		5D84D5316EF52A00CDAC51BB /* [CP] Check Pods Manifest.lock */ = {
			isa = PBXShellScriptBuildPhase;
			buildActionMask = 2147483647;
			files = (
			);
			inputPaths = (
				"${PODS_PODFILE_DIR_PATH}/Podfile.lock",
				"${PODS_ROOT}/Manifest.lock",
			);
			name = "[CP] Check Pods Manifest.lock";
			outputPaths = (
				"$(DERIVED_FILE_DIR)/Pods-ping-checkManifestLockResult.txt",
			);
			runOnlyForDeploymentPostprocessing = 0;
			shellPath = /bin/sh;
			shellScript = "diff \"${PODS_PODFILE_DIR_PATH}/Podfile.lock\" \"${PODS_ROOT}/Manifest.lock\" > /dev/null\nif [ $? != 0 ] ; then\n    # print error to STDERR\n    echo \"error: The sandbox is not in sync with the Podfile.lock. Run 'pod install' or update your CocoaPods installation.\" >&2\n    exit 1\nfi\n# This output is used by Xcode 'outputs' to avoid re-running this script phase.\necho \"SUCCESS\" > \"${SCRIPT_OUTPUT_FILE_0}\"\n";
			showEnvVarsInLog = 0;
		};
		9300CA7A04BE99DC5A0FE5E6 /* [CP] Check Pods Manifest.lock */ = {
			isa = PBXShellScriptBuildPhase;
			buildActionMask = 2147483647;
			files = (
			);
			inputPaths = (
				"${PODS_PODFILE_DIR_PATH}/Podfile.lock",
				"${PODS_ROOT}/Manifest.lock",
			);
			name = "[CP] Check Pods Manifest.lock";
			outputPaths = (
				"$(DERIVED_FILE_DIR)/Pods-pingTests-checkManifestLockResult.txt",
			);
			runOnlyForDeploymentPostprocessing = 0;
			shellPath = /bin/sh;
			shellScript = "diff \"${PODS_PODFILE_DIR_PATH}/Podfile.lock\" \"${PODS_ROOT}/Manifest.lock\" > /dev/null\nif [ $? != 0 ] ; then\n    # print error to STDERR\n    echo \"error: The sandbox is not in sync with the Podfile.lock. Run 'pod install' or update your CocoaPods installation.\" >&2\n    exit 1\nfi\n# This output is used by Xcode 'outputs' to avoid re-running this script phase.\necho \"SUCCESS\" > \"${SCRIPT_OUTPUT_FILE_0}\"\n";
			showEnvVarsInLog = 0;
		};
/* End PBXShellScriptBuildPhase section */

/* Begin PBXSourcesBuildPhase section */
		2704490A20CEAD5C001C4004 /* Sources */ = {
			isa = PBXSourcesBuildPhase;
			buildActionMask = 2147483647;
			files = (
				27D36F6720E4B7FA00EF92BF /* PingController.swift in Sources */,
				272636FF211716760002B2F1 /* LicenseDetailViewController.swift in Sources */,
				278A710B20DE890500DC3A16 /* RatingManager.swift in Sources */,
				272636FB211715240002B2F1 /* LicenseProvider.swift in Sources */,
				272636F521170EEA0002B2F1 /* ConfigurationViewController.swift in Sources */,
				278A6C9E20D068D90007322A /* HostHistoryPublisher.swift in Sources */,
				27B7939720E4BB980081884A /* PingStatus.swift in Sources */,
				27B7939920E4BCF30081884A /* PingDelegate.swift in Sources */,
				278A6C9920D063F60007322A /* HostHistoryRepository.swift in Sources */,
				27B793A220E6BB6E0081884A /* PingViewController.swift in Sources */,
				27B793A020E606CE0081884A /* PingStatistic.swift in Sources */,
				2726370121178B380002B2F1 /* PingConfigurationProvider.swift in Sources */,
				27E9BF1220D110FB00E1FFED /* PingTableViewCell.swift in Sources */,
				272636FD211715410002B2F1 /* HardCodedLicenseProvider.swift in Sources */,
				2704493620CEAFE5001C4004 /* LaunchScreenViewController.swift in Sources */,
				27251D4D20D03AF800F85DD7 /* DashedView.swift in Sources */,
				278A6C9620D05E990007322A /* Host.swift in Sources */,
				278A6C9420D05E600007322A /* PingResult.swift in Sources */,
				270B11B620E9F279002B6829 /* LightTheme.swift in Sources */,
				278A6C9C20D067280007322A /* Injection.swift in Sources */,
				27B7939B20E4BFB40081884A /* PingConfiguration.swift in Sources */,
				27579BC52115E95B00B76130 /* DarkTheme.swift in Sources */,
				2781CE8F20D19A8F0050C8A7 /* Array+stdev.swift in Sources */,
				278A6C9A20D063F90007322A /* UDTHostHistoryRepository.swift in Sources */,
				27251D4E20D03AF800F85DD7 /* AnimatedTextField.swift in Sources */,
				27579BC32115E79D00B76130 /* SettingViewController.swift in Sources */,
				2704491220CEAD5C001C4004 /* AppDelegate.swift in Sources */,
				27B7939520E4B9680081884A /* PingError.swift in Sources */,
				2781CE9120D1BBEA0050C8A7 /* HostHistoryViewDelegate.swift in Sources */,
				278A6C9020D04F0D0007322A /* HistoryViewController.swift in Sources */,
				272636EF211705710002B2F1 /* ThemeSelectionViewController.swift in Sources */,
				272636F321170EDA0002B2F1 /* AcknowledgmentsViewController.swift in Sources */,
				272636F7211713EB0002B2F1 /* LicenseTableViewCell.swift in Sources */,
				272636F92117140F0002B2F1 /* License.swift in Sources */,
				27B7939E20E605390081884A /* SPPingController.swift in Sources */,
				27F848CC20E7EB2F004DEA0C /* UpdateManager.swift in Sources */,
				2726370321178B8E0002B2F1 /* UDPingConfigurationRepository.swift in Sources */,
				270B11B420E9F201002B6829 /* ThemeProvider.swift in Sources */,
				2781CE9520D1CD520050C8A7 /* HostTableViewCell.swift in Sources */,
			);
			runOnlyForDeploymentPostprocessing = 0;
		};
		2704491E20CEAD5D001C4004 /* Sources */ = {
			isa = PBXSourcesBuildPhase;
			buildActionMask = 2147483647;
			files = (
				2704492720CEAD5D001C4004 /* pingTests.swift in Sources */,
			);
			runOnlyForDeploymentPostprocessing = 0;
		};
/* End PBXSourcesBuildPhase section */

/* Begin PBXTargetDependency section */
		2704492420CEAD5D001C4004 /* PBXTargetDependency */ = {
			isa = PBXTargetDependency;
			target = 2704490D20CEAD5C001C4004 /* ping */;
			targetProxy = 2704492320CEAD5D001C4004 /* PBXContainerItemProxy */;
		};
/* End PBXTargetDependency section */

/* Begin PBXVariantGroup section */
		2704491520CEAD5C001C4004 /* Main.storyboard */ = {
			isa = PBXVariantGroup;
			children = (
				2704491620CEAD5C001C4004 /* Base */,
			);
			name = Main.storyboard;
			sourceTree = "<group>";
		};
		2704491A20CEAD5D001C4004 /* LaunchScreen.storyboard */ = {
			isa = PBXVariantGroup;
			children = (
				2704491B20CEAD5D001C4004 /* Base */,
			);
			name = LaunchScreen.storyboard;
			sourceTree = "<group>";
		};
/* End PBXVariantGroup section */

/* Begin XCBuildConfiguration section */
		2704492920CEAD5D001C4004 /* Debug */ = {
			isa = XCBuildConfiguration;
			buildSettings = {
				ALWAYS_SEARCH_USER_PATHS = NO;
				CLANG_ANALYZER_NONNULL = YES;
				CLANG_ANALYZER_NUMBER_OBJECT_CONVERSION = YES_AGGRESSIVE;
				CLANG_CXX_LANGUAGE_STANDARD = "gnu++14";
				CLANG_CXX_LIBRARY = "libc++";
				CLANG_ENABLE_MODULES = YES;
				CLANG_ENABLE_OBJC_ARC = YES;
				CLANG_ENABLE_OBJC_WEAK = YES;
				CLANG_WARN_BLOCK_CAPTURE_AUTORELEASING = YES;
				CLANG_WARN_BOOL_CONVERSION = YES;
				CLANG_WARN_COMMA = YES;
				CLANG_WARN_CONSTANT_CONVERSION = YES;
				CLANG_WARN_DEPRECATED_OBJC_IMPLEMENTATIONS = YES;
				CLANG_WARN_DIRECT_OBJC_ISA_USAGE = YES_ERROR;
				CLANG_WARN_DOCUMENTATION_COMMENTS = YES;
				CLANG_WARN_EMPTY_BODY = YES;
				CLANG_WARN_ENUM_CONVERSION = YES;
				CLANG_WARN_INFINITE_RECURSION = YES;
				CLANG_WARN_INT_CONVERSION = YES;
				CLANG_WARN_NON_LITERAL_NULL_CONVERSION = YES;
				CLANG_WARN_OBJC_IMPLICIT_RETAIN_SELF = YES;
				CLANG_WARN_OBJC_LITERAL_CONVERSION = YES;
				CLANG_WARN_OBJC_ROOT_CLASS = YES_ERROR;
				CLANG_WARN_RANGE_LOOP_ANALYSIS = YES;
				CLANG_WARN_STRICT_PROTOTYPES = YES;
				CLANG_WARN_SUSPICIOUS_MOVE = YES;
				CLANG_WARN_UNGUARDED_AVAILABILITY = YES_AGGRESSIVE;
				CLANG_WARN_UNREACHABLE_CODE = YES;
				CLANG_WARN__DUPLICATE_METHOD_MATCH = YES;
				CODE_SIGN_IDENTITY = "iPhone Developer";
				COPY_PHASE_STRIP = NO;
				DEBUG_INFORMATION_FORMAT = dwarf;
				ENABLE_STRICT_OBJC_MSGSEND = YES;
				ENABLE_TESTABILITY = YES;
				GCC_C_LANGUAGE_STANDARD = gnu11;
				GCC_DYNAMIC_NO_PIC = NO;
				GCC_NO_COMMON_BLOCKS = YES;
				GCC_OPTIMIZATION_LEVEL = 0;
				GCC_PREPROCESSOR_DEFINITIONS = (
					"DEBUG=1",
					"$(inherited)",
				);
				GCC_WARN_64_TO_32_BIT_CONVERSION = YES;
				GCC_WARN_ABOUT_RETURN_TYPE = YES_ERROR;
				GCC_WARN_UNDECLARED_SELECTOR = YES;
				GCC_WARN_UNINITIALIZED_AUTOS = YES_AGGRESSIVE;
				GCC_WARN_UNUSED_FUNCTION = YES;
				GCC_WARN_UNUSED_VARIABLE = YES;
				IPHONEOS_DEPLOYMENT_TARGET = 11.4;
				MTL_ENABLE_DEBUG_INFO = YES;
				ONLY_ACTIVE_ARCH = YES;
				SDKROOT = iphoneos;
				SWIFT_ACTIVE_COMPILATION_CONDITIONS = DEBUG;
				SWIFT_OPTIMIZATION_LEVEL = "-Onone";
			};
			name = Debug;
		};
		2704492A20CEAD5D001C4004 /* Release */ = {
			isa = XCBuildConfiguration;
			buildSettings = {
				ALWAYS_SEARCH_USER_PATHS = NO;
				CLANG_ANALYZER_NONNULL = YES;
				CLANG_ANALYZER_NUMBER_OBJECT_CONVERSION = YES_AGGRESSIVE;
				CLANG_CXX_LANGUAGE_STANDARD = "gnu++14";
				CLANG_CXX_LIBRARY = "libc++";
				CLANG_ENABLE_MODULES = YES;
				CLANG_ENABLE_OBJC_ARC = YES;
				CLANG_ENABLE_OBJC_WEAK = YES;
				CLANG_WARN_BLOCK_CAPTURE_AUTORELEASING = YES;
				CLANG_WARN_BOOL_CONVERSION = YES;
				CLANG_WARN_COMMA = YES;
				CLANG_WARN_CONSTANT_CONVERSION = YES;
				CLANG_WARN_DEPRECATED_OBJC_IMPLEMENTATIONS = YES;
				CLANG_WARN_DIRECT_OBJC_ISA_USAGE = YES_ERROR;
				CLANG_WARN_DOCUMENTATION_COMMENTS = YES;
				CLANG_WARN_EMPTY_BODY = YES;
				CLANG_WARN_ENUM_CONVERSION = YES;
				CLANG_WARN_INFINITE_RECURSION = YES;
				CLANG_WARN_INT_CONVERSION = YES;
				CLANG_WARN_NON_LITERAL_NULL_CONVERSION = YES;
				CLANG_WARN_OBJC_IMPLICIT_RETAIN_SELF = YES;
				CLANG_WARN_OBJC_LITERAL_CONVERSION = YES;
				CLANG_WARN_OBJC_ROOT_CLASS = YES_ERROR;
				CLANG_WARN_RANGE_LOOP_ANALYSIS = YES;
				CLANG_WARN_STRICT_PROTOTYPES = YES;
				CLANG_WARN_SUSPICIOUS_MOVE = YES;
				CLANG_WARN_UNGUARDED_AVAILABILITY = YES_AGGRESSIVE;
				CLANG_WARN_UNREACHABLE_CODE = YES;
				CLANG_WARN__DUPLICATE_METHOD_MATCH = YES;
				CODE_SIGN_IDENTITY = "iPhone Developer";
				COPY_PHASE_STRIP = NO;
				DEBUG_INFORMATION_FORMAT = "dwarf-with-dsym";
				ENABLE_NS_ASSERTIONS = NO;
				ENABLE_STRICT_OBJC_MSGSEND = YES;
				GCC_C_LANGUAGE_STANDARD = gnu11;
				GCC_NO_COMMON_BLOCKS = YES;
				GCC_WARN_64_TO_32_BIT_CONVERSION = YES;
				GCC_WARN_ABOUT_RETURN_TYPE = YES_ERROR;
				GCC_WARN_UNDECLARED_SELECTOR = YES;
				GCC_WARN_UNINITIALIZED_AUTOS = YES_AGGRESSIVE;
				GCC_WARN_UNUSED_FUNCTION = YES;
				GCC_WARN_UNUSED_VARIABLE = YES;
				IPHONEOS_DEPLOYMENT_TARGET = 11.4;
				MTL_ENABLE_DEBUG_INFO = NO;
				SDKROOT = iphoneos;
				SWIFT_COMPILATION_MODE = wholemodule;
				SWIFT_OPTIMIZATION_LEVEL = "-O";
				VALIDATE_PRODUCT = YES;
			};
			name = Release;
		};
		2704492C20CEAD5D001C4004 /* Debug */ = {
			isa = XCBuildConfiguration;
			baseConfigurationReference = A254B6C7A68F62B324969BA5 /* Pods-ping.debug.xcconfig */;
			buildSettings = {
				ASSETCATALOG_COMPILER_APPICON_NAME = AppIcon;
				ASSETCATALOG_COMPILER_OPTIMIZATION = space;
				CLANG_ENABLE_MODULES = YES;
				CODE_SIGN_STYLE = Automatic;
				DEVELOPMENT_TEAM = 8739VU9P7E;
				INFOPLIST_FILE = ping/Info.plist;
				IPHONEOS_DEPLOYMENT_TARGET = 10.0;
				LD_RUNPATH_SEARCH_PATHS = (
					"$(inherited)",
					"@executable_path/Frameworks",
				);
				PRODUCT_BUNDLE_IDENTIFIER = at.frhlch.ios.ping;
				PRODUCT_NAME = "$(TARGET_NAME)";
				SWIFT_INSTALL_OBJC_HEADER = NO;
				SWIFT_OBJC_BRIDGING_HEADER = "ping/Base/ping-Bridging-Header.h";
				SWIFT_OPTIMIZATION_LEVEL = "-Onone";
				SWIFT_PRECOMPILE_BRIDGING_HEADER = NO;
				SWIFT_VERSION = 4.0;
				TARGETED_DEVICE_FAMILY = "1,2";
			};
			name = Debug;
		};
		2704492D20CEAD5D001C4004 /* Release */ = {
			isa = XCBuildConfiguration;
			baseConfigurationReference = CA3153AA0F18C2C88704E8CE /* Pods-ping.release.xcconfig */;
			buildSettings = {
				ASSETCATALOG_COMPILER_APPICON_NAME = AppIcon;
				ASSETCATALOG_COMPILER_OPTIMIZATION = space;
				CLANG_ENABLE_MODULES = YES;
				CODE_SIGN_STYLE = Automatic;
				DEVELOPMENT_TEAM = 8739VU9P7E;
				INFOPLIST_FILE = ping/Info.plist;
				IPHONEOS_DEPLOYMENT_TARGET = 10.0;
				LD_RUNPATH_SEARCH_PATHS = (
					"$(inherited)",
					"@executable_path/Frameworks",
				);
				PRODUCT_BUNDLE_IDENTIFIER = at.frhlch.ios.ping;
				PRODUCT_NAME = "$(TARGET_NAME)";
				SWIFT_INSTALL_OBJC_HEADER = NO;
				SWIFT_OBJC_BRIDGING_HEADER = "ping/Base/ping-Bridging-Header.h";
				SWIFT_PRECOMPILE_BRIDGING_HEADER = NO;
				SWIFT_VERSION = 4.0;
				TARGETED_DEVICE_FAMILY = "1,2";
			};
			name = Release;
		};
		2704492F20CEAD5D001C4004 /* Debug */ = {
			isa = XCBuildConfiguration;
			baseConfigurationReference = D99416772E52F6836D5D7E48 /* Pods-pingTests.debug.xcconfig */;
			buildSettings = {
				ALWAYS_EMBED_SWIFT_STANDARD_LIBRARIES = YES;
				BUNDLE_LOADER = "$(TEST_HOST)";
				CODE_SIGN_STYLE = Automatic;
				DEVELOPMENT_TEAM = 8739VU9P7E;
				INFOPLIST_FILE = pingTests/Info.plist;
				LD_RUNPATH_SEARCH_PATHS = (
					"$(inherited)",
					"@executable_path/Frameworks",
					"@loader_path/Frameworks",
				);
				PRODUCT_BUNDLE_IDENTIFIER = at.frhlch.ios.test.pingTests;
				PRODUCT_NAME = "$(TARGET_NAME)";
				SWIFT_VERSION = 4.0;
				TARGETED_DEVICE_FAMILY = "1,2";
				TEST_HOST = "$(BUILT_PRODUCTS_DIR)/ping.app/ping";
			};
			name = Debug;
		};
		2704493020CEAD5D001C4004 /* Release */ = {
			isa = XCBuildConfiguration;
			baseConfigurationReference = 1A84247AD96723AA6D1D5671 /* Pods-pingTests.release.xcconfig */;
			buildSettings = {
				ALWAYS_EMBED_SWIFT_STANDARD_LIBRARIES = YES;
				BUNDLE_LOADER = "$(TEST_HOST)";
				CODE_SIGN_STYLE = Automatic;
				DEVELOPMENT_TEAM = 8739VU9P7E;
				INFOPLIST_FILE = pingTests/Info.plist;
				LD_RUNPATH_SEARCH_PATHS = (
					"$(inherited)",
					"@executable_path/Frameworks",
					"@loader_path/Frameworks",
				);
				PRODUCT_BUNDLE_IDENTIFIER = at.frhlch.ios.test.pingTests;
				PRODUCT_NAME = "$(TARGET_NAME)";
				SWIFT_VERSION = 4.0;
				TARGETED_DEVICE_FAMILY = "1,2";
				TEST_HOST = "$(BUILT_PRODUCTS_DIR)/ping.app/ping";
			};
			name = Release;
		};
/* End XCBuildConfiguration section */

/* Begin XCConfigurationList section */
		2704490920CEAD5C001C4004 /* Build configuration list for PBXProject "ping" */ = {
			isa = XCConfigurationList;
			buildConfigurations = (
				2704492920CEAD5D001C4004 /* Debug */,
				2704492A20CEAD5D001C4004 /* Release */,
			);
			defaultConfigurationIsVisible = 0;
			defaultConfigurationName = Release;
		};
		2704492B20CEAD5D001C4004 /* Build configuration list for PBXNativeTarget "ping" */ = {
			isa = XCConfigurationList;
			buildConfigurations = (
				2704492C20CEAD5D001C4004 /* Debug */,
				2704492D20CEAD5D001C4004 /* Release */,
			);
			defaultConfigurationIsVisible = 0;
			defaultConfigurationName = Release;
		};
		2704492E20CEAD5D001C4004 /* Build configuration list for PBXNativeTarget "pingTests" */ = {
			isa = XCConfigurationList;
			buildConfigurations = (
				2704492F20CEAD5D001C4004 /* Debug */,
				2704493020CEAD5D001C4004 /* Release */,
			);
			defaultConfigurationIsVisible = 0;
			defaultConfigurationName = Release;
		};
/* End XCConfigurationList section */
	};
	rootObject = 2704490620CEAD5C001C4004 /* Project object */;
}
